
Microsoft Visual Studio Solution File, Format Version 12.00
# Visual Studio 15
VisualStudioVersion = 15.0.26228.4
MinimumVisualStudioVersion = 10.0.40219.1
Project("{9A19103F-16F7-4668-BE54-9A1E7A4F7556}") = "Domain", "Domain\Domain.csproj", "{6D577684-BF36-43F2-8763-80E3B9B52E58}"
EndProject
Project("{9A19103F-16F7-4668-BE54-9A1E7A4F7556}") = "Data", "Data\Data.csproj", "{2CA0812C-C55F-461A-8984-BCA08DC1EF63}"
EndProject
Project("{9A19103F-16F7-4668-BE54-9A1E7A4F7556}") = "Console", "CommandLine\Console.csproj", "{4176D567-2009-4429-BFB6-EF29C752E02C}"
EndProject
Global
	GlobalSection(SolutionConfigurationPlatforms) = preSolution
		Debug|Any CPU = Debug|Any CPU
		Release|Any CPU = Release|Any CPU
	EndGlobalSection
	GlobalSection(ProjectConfigurationPlatforms) = postSolution
		{6D577684-BF36-43F2-8763-80E3B9B52E58}.Debug|Any CPU.ActiveCfg = Debug|Any CPU
		{6D577684-BF36-43F2-8763-80E3B9B52E58}.Debug|Any CPU.Build.0 = Debug|Any CPU
		{6D577684-BF36-43F2-8763-80E3B9B52E58}.Release|Any CPU.ActiveCfg = Release|Any CPU
		{6D577684-BF36-43F2-8763-80E3B9B52E58}.Release|Any CPU.Build.0 = Release|Any CPU
		{2CA0812C-C55F-461A-8984-BCA08DC1EF63}.Debug|Any CPU.ActiveCfg = Debug|Any CPU
		{2CA0812C-C55F-461A-8984-BCA08DC1EF63}.Debug|Any CPU.Build.0 = Debug|Any CPU
		{2CA0812C-C55F-461A-8984-BCA08DC1EF63}.Release|Any CPU.ActiveCfg = Release|Any CPU
		{2CA0812C-C55F-461A-8984-BCA08DC1EF63}.Release|Any CPU.Build.0 = Release|Any CPU
		{4176D567-2009-4429-BFB6-EF29C752E02C}.Debug|Any CPU.ActiveCfg = Debug|Any CPU
		{4176D567-2009-4429-BFB6-EF29C752E02C}.Debug|Any CPU.Build.0 = Debug|Any CPU
		{4176D567-2009-4429-BFB6-EF29C752E02C}.Release|Any CPU.ActiveCfg = Release|Any CPU
		{4176D567-2009-4429-BFB6-EF29C752E02C}.Release|Any CPU.Build.0 = Release|Any CPU
	EndGlobalSection
	GlobalSection(SolutionProperties) = preSolution
		HideSolutionNode = FALSE
	EndGlobalSection
EndGlobal
